
Microsoft Visual Studio Solution File, Format Version 12.00
# Visual Studio Version 17
VisualStudioVersion = 17.6.33927.249
MinimumVisualStudioVersion = 10.0.40219.1
Project("{FAE04EC0-301F-11D3-BF4B-00C04F79EFBC}") = "Rooted-Tree", "Rooted-Tree\Rooted-Tree.csproj", "{C3553FBC-67AF-4512-9060-AEA5254602D7}"
EndProject
Global
	GlobalSection(SolutionConfigurationPlatforms) = preSolution
		Debug|Any CPU = Debug|Any CPU
		Release|Any CPU = Release|Any CPU
	EndGlobalSection
	GlobalSection(ProjectConfigurationPlatforms) = postSolution
		{C3553FBC-67AF-4512-9060-AEA5254602D7}.Debug|Any CPU.ActiveCfg = Debug|Any CPU
		{C3553FBC-67AF-4512-9060-AEA5254602D7}.Debug|Any CPU.Build.0 = Debug|Any CPU
		{C3553FBC-67AF-4512-9060-AEA5254602D7}.Release|Any CPU.ActiveCfg = Release|Any CPU
		{C3553FBC-67AF-4512-9060-AEA5254602D7}.Release|Any CPU.Build.0 = Release|Any CPU
	EndGlobalSection
	GlobalSection(SolutionProperties) = preSolution
		HideSolutionNode = FALSE
	EndGlobalSection
	GlobalSection(ExtensibilityGlobals) = postSolution
		SolutionGuid = {950F3613-BB4F-4F4D-9DB8-577EE647E214}
	EndGlobalSection
EndGlobal
